
Microsoft Visual Studio Solution File, Format Version 12.00
Project("{2150E333-8FDC-42A3-9474-1A3956D46DE8}") = "Src", "Src", "{30BF4462-A301-42C0-92EE-56701F92FF50}"
EndProject
Project("{2150E333-8FDC-42A3-9474-1A3956D46DE8}") = "Common", "Common", "{43989694-A5E1-43E2-B380-ED5ED1F45133}"
EndProject
Project("{2150E333-8FDC-42A3-9474-1A3956D46DE8}") = "Core", "Core", "{5807820E-DC43-41B4-9BEA-E19F40ADE95A}"
EndProject
Project("{2150E333-8FDC-42A3-9474-1A3956D46DE8}") = "Infrastructure", "Infrastructure", "{1037D54A-F0A1-440B-8FBD-8BE103641261}"
EndProject
Project("{2150E333-8FDC-42A3-9474-1A3956D46DE8}") = "Presentation", "Presentation", "{BBA7D165-6714-4349-B31E-7A9B846D2DA4}"
EndProject
Project("{FAE04EC0-301F-11D3-BF4B-00C04F79EFBC}") = "Lab5.Common", "Lab5.Common\Lab5.Common.csproj", "{595D3969-9235-4282-853B-9B46A55911FC}"
EndProject
Project("{FAE04EC0-301F-11D3-BF4B-00C04F79EFBC}") = "Lab5.Persistence", "Lab5.Persistence\Lab5.Persistence.csproj", "{6530623A-4E22-4BB5-863A-DB97EBEDBD03}"
EndProject
Project("{FAE04EC0-301F-11D3-BF4B-00C04F79EFBC}") = "Lab5.API", "Lab5.API\Lab5.API.csproj", "{04D9F077-47D9-45E1-9240-C87EE7BD9ECC}"
EndProject
Project("{FAE04EC0-301F-11D3-BF4B-00C04F79EFBC}") = "Lab5.Application", "Lab5.Application\Lab5.Application.csproj", "{2B2EDF75-C7F3-4FAA-9998-990F8D679E4B}"
EndProject
Project("{FAE04EC0-301F-11D3-BF4B-00C04F79EFBC}") = "Lab5.Infrastructure", "Lab5.Infrastructure\Lab5.Infrastructure.csproj", "{CD958864-A30A-4A49-9620-3DAE830E5404}"
EndProject
Project("{FAE04EC0-301F-11D3-BF4B-00C04F79EFBC}") = "Lab5.Domain", "Lab5.Domain\Lab5.Domain.csproj", "{C1FD814D-21B4-4895-A1F7-345FF38F911F}"
EndProject
Global
	GlobalSection(SolutionConfigurationPlatforms) = preSolution
		Debug|Any CPU = Debug|Any CPU
		Release|Any CPU = Release|Any CPU
	EndGlobalSection
	GlobalSection(NestedProjects) = preSolution
		{43989694-A5E1-43E2-B380-ED5ED1F45133} = {30BF4462-A301-42C0-92EE-56701F92FF50}
		{5807820E-DC43-41B4-9BEA-E19F40ADE95A} = {30BF4462-A301-42C0-92EE-56701F92FF50}
		{1037D54A-F0A1-440B-8FBD-8BE103641261} = {30BF4462-A301-42C0-92EE-56701F92FF50}
		{BBA7D165-6714-4349-B31E-7A9B846D2DA4} = {30BF4462-A301-42C0-92EE-56701F92FF50}
		{595D3969-9235-4282-853B-9B46A55911FC} = {43989694-A5E1-43E2-B380-ED5ED1F45133}
		{6530623A-4E22-4BB5-863A-DB97EBEDBD03} = {1037D54A-F0A1-440B-8FBD-8BE103641261}
		{04D9F077-47D9-45E1-9240-C87EE7BD9ECC} = {BBA7D165-6714-4349-B31E-7A9B846D2DA4}
		{2B2EDF75-C7F3-4FAA-9998-990F8D679E4B} = {5807820E-DC43-41B4-9BEA-E19F40ADE95A}
		{CD958864-A30A-4A49-9620-3DAE830E5404} = {1037D54A-F0A1-440B-8FBD-8BE103641261}
		{C1FD814D-21B4-4895-A1F7-345FF38F911F} = {5807820E-DC43-41B4-9BEA-E19F40ADE95A}
	EndGlobalSection
	GlobalSection(ProjectConfigurationPlatforms) = postSolution
		{595D3969-9235-4282-853B-9B46A55911FC}.Debug|Any CPU.ActiveCfg = Debug|Any CPU
		{595D3969-9235-4282-853B-9B46A55911FC}.Debug|Any CPU.Build.0 = Debug|Any CPU
		{595D3969-9235-4282-853B-9B46A55911FC}.Release|Any CPU.ActiveCfg = Release|Any CPU
		{595D3969-9235-4282-853B-9B46A55911FC}.Release|Any CPU.Build.0 = Release|Any CPU
		{6530623A-4E22-4BB5-863A-DB97EBEDBD03}.Debug|Any CPU.ActiveCfg = Debug|Any CPU
		{6530623A-4E22-4BB5-863A-DB97EBEDBD03}.Debug|Any CPU.Build.0 = Debug|Any CPU
		{6530623A-4E22-4BB5-863A-DB97EBEDBD03}.Release|Any CPU.ActiveCfg = Release|Any CPU
		{6530623A-4E22-4BB5-863A-DB97EBEDBD03}.Release|Any CPU.Build.0 = Release|Any CPU
		{04D9F077-47D9-45E1-9240-C87EE7BD9ECC}.Debug|Any CPU.ActiveCfg = Debug|Any CPU
		{04D9F077-47D9-45E1-9240-C87EE7BD9ECC}.Debug|Any CPU.Build.0 = Debug|Any CPU
		{04D9F077-47D9-45E1-9240-C87EE7BD9ECC}.Release|Any CPU.ActiveCfg = Release|Any CPU
		{04D9F077-47D9-45E1-9240-C87EE7BD9ECC}.Release|Any CPU.Build.0 = Release|Any CPU
		{2B2EDF75-C7F3-4FAA-9998-990F8D679E4B}.Debug|Any CPU.ActiveCfg = Debug|Any CPU
		{2B2EDF75-C7F3-4FAA-9998-990F8D679E4B}.Debug|Any CPU.Build.0 = Debug|Any CPU
		{2B2EDF75-C7F3-4FAA-9998-990F8D679E4B}.Release|Any CPU.ActiveCfg = Release|Any CPU
		{2B2EDF75-C7F3-4FAA-9998-990F8D679E4B}.Release|Any CPU.Build.0 = Release|Any CPU
		{CD958864-A30A-4A49-9620-3DAE830E5404}.Debug|Any CPU.ActiveCfg = Debug|Any CPU
		{CD958864-A30A-4A49-9620-3DAE830E5404}.Debug|Any CPU.Build.0 = Debug|Any CPU
		{CD958864-A30A-4A49-9620-3DAE830E5404}.Release|Any CPU.ActiveCfg = Release|Any CPU
		{CD958864-A30A-4A49-9620-3DAE830E5404}.Release|Any CPU.Build.0 = Release|Any CPU
		{C1FD814D-21B4-4895-A1F7-345FF38F911F}.Debug|Any CPU.ActiveCfg = Debug|Any CPU
		{C1FD814D-21B4-4895-A1F7-345FF38F911F}.Debug|Any CPU.Build.0 = Debug|Any CPU
		{C1FD814D-21B4-4895-A1F7-345FF38F911F}.Release|Any CPU.ActiveCfg = Release|Any CPU
		{C1FD814D-21B4-4895-A1F7-345FF38F911F}.Release|Any CPU.Build.0 = Release|Any CPU
	EndGlobalSection
EndGlobal
